// !$*UTF8*$!
{
	archiveVersion = 1;
	classes = {
	};
	objectVersion = 56;
	objects = {

/* Begin PBXBuildFile section */
		91B56E802C79CDA200FB5D5B /* GoogleService-Info.plist in Resources */ = {isa = PBXBuildFile; fileRef = 91B56E7F2C79CDA200FB5D5B /* GoogleService-Info.plist */; };
		91B56E822C7C926800FB5D5B /* ProfileForm.swift in Sources */ = {isa = PBXBuildFile; fileRef = 91B56E812C7C926800FB5D5B /* ProfileForm.swift */; };
		91B56E8A2C7CB3B400FB5D5B /* .swiftlint.yml in Resources */ = {isa = PBXBuildFile; fileRef = 91B56E892C7CB3B400FB5D5B /* .swiftlint.yml */; };
		91B56E8C2C7CC0CB00FB5D5B /* Components.swift in Sources */ = {isa = PBXBuildFile; fileRef = 91B56E8B2C7CC0CB00FB5D5B /* Components.swift */; };
		91B56E8E2C7CD52300FB5D5B /* ProfileFormViewModel.swift in Sources */ = {isa = PBXBuildFile; fileRef = 91B56E8D2C7CD52300FB5D5B /* ProfileFormViewModel.swift */; };
		91C921E62C6F4A4C00F92FEA /* SuppsTrackApp.swift in Sources */ = {isa = PBXBuildFile; fileRef = 91C921E52C6F4A4C00F92FEA /* SuppsTrackApp.swift */; };
		91C921EA2C6F4A5000F92FEA /* Assets.xcassets in Resources */ = {isa = PBXBuildFile; fileRef = 91C921E92C6F4A5000F92FEA /* Assets.xcassets */; };
		91C921ED2C6F4A5000F92FEA /* Preview Assets.xcassets in Resources */ = {isa = PBXBuildFile; fileRef = 91C921EC2C6F4A5000F92FEA /* Preview Assets.xcassets */; };
		91C9222F2C77E34300F92FEA /* Factory in Frameworks */ = {isa = PBXBuildFile; productRef = 91C9222E2C77E34300F92FEA /* Factory */; };
		91C922322C77E3FC00F92FEA /* FirebaseAnalytics in Frameworks */ = {isa = PBXBuildFile; productRef = 91C922312C77E3FC00F92FEA /* FirebaseAnalytics */; };
		91C922342C77E3FC00F92FEA /* FirebaseAuth in Frameworks */ = {isa = PBXBuildFile; productRef = 91C922332C77E3FC00F92FEA /* FirebaseAuth */; };
		91C922362C77E3FC00F92FEA /* FirebaseFirestore in Frameworks */ = {isa = PBXBuildFile; productRef = 91C922352C77E3FC00F92FEA /* FirebaseFirestore */; };
		91C922382C77E3FC00F92FEA /* FirebaseStorage in Frameworks */ = {isa = PBXBuildFile; productRef = 91C922372C77E3FC00F92FEA /* FirebaseStorage */; };
		91C9223F2C77E54B00F92FEA /* LoginView.swift in Sources */ = {isa = PBXBuildFile; fileRef = 91C9223E2C77E54B00F92FEA /* LoginView.swift */; };
		91C922412C77E57A00F92FEA /* LoginViewModel.swift in Sources */ = {isa = PBXBuildFile; fileRef = 91C922402C77E57A00F92FEA /* LoginViewModel.swift */; };
		91C922482C77E6B200F92FEA /* SettingsViewModel.swift in Sources */ = {isa = PBXBuildFile; fileRef = 91C922472C77E6B200F92FEA /* SettingsViewModel.swift */; };
		91C9224A2C77E6C900F92FEA /* SettingsView.swift in Sources */ = {isa = PBXBuildFile; fileRef = 91C922492C77E6C900F92FEA /* SettingsView.swift */; };
		91C9224C2C77E6F300F92FEA /* MainView.swift in Sources */ = {isa = PBXBuildFile; fileRef = 91C9224B2C77E6F300F92FEA /* MainView.swift */; };
		91C9224E2C77E70D00F92FEA /* MainViewModel.swift in Sources */ = {isa = PBXBuildFile; fileRef = 91C9224D2C77E70D00F92FEA /* MainViewModel.swift */; };
		91C922532C77E7F700F92FEA /* AuthDataEntity.swift in Sources */ = {isa = PBXBuildFile; fileRef = 91C922522C77E7F700F92FEA /* AuthDataEntity.swift */; };
		91C922552C77E80300F92FEA /* UserEntity.swift in Sources */ = {isa = PBXBuildFile; fileRef = 91C922542C77E80300F92FEA /* UserEntity.swift */; };
		91C922572C77E83300F92FEA /* AuthRepository.swift in Sources */ = {isa = PBXBuildFile; fileRef = 91C922562C77E83300F92FEA /* AuthRepository.swift */; };
		91C922592C77E84400F92FEA /* UserRepository.swift in Sources */ = {isa = PBXBuildFile; fileRef = 91C922582C77E84400F92FEA /* UserRepository.swift */; };
		91C9225B2C77E8B400F92FEA /* DI+Others.swift in Sources */ = {isa = PBXBuildFile; fileRef = 91C9225A2C77E8B400F92FEA /* DI+Others.swift */; };
		91C9225E2C77E91900F92FEA /* UserService.swift in Sources */ = {isa = PBXBuildFile; fileRef = 91C9225D2C77E91900F92FEA /* UserService.swift */; };
		91C922602C77E94900F92FEA /* FirestoreUserService.swift in Sources */ = {isa = PBXBuildFile; fileRef = 91C9225F2C77E94900F92FEA /* FirestoreUserService.swift */; };
		91C922622C77E96200F92FEA /* Util.swift in Sources */ = {isa = PBXBuildFile; fileRef = 91C922612C77E96200F92FEA /* Util.swift */; };
		91C922642C77E99300F92FEA /* StartView.swift in Sources */ = {isa = PBXBuildFile; fileRef = 91C922632C77E99300F92FEA /* StartView.swift */; };
		91C922662C77E9B000F92FEA /* StartViewModel.swift in Sources */ = {isa = PBXBuildFile; fileRef = 91C922652C77E9B000F92FEA /* StartViewModel.swift */; };
		91C922692C77EA4B00F92FEA /* AuthService.swift in Sources */ = {isa = PBXBuildFile; fileRef = 91C922682C77EA4B00F92FEA /* AuthService.swift */; };
		91C9226B2C77EA5C00F92FEA /* FirebaseAuthService.swift in Sources */ = {isa = PBXBuildFile; fileRef = 91C9226A2C77EA5C00F92FEA /* FirebaseAuthService.swift */; };
/* End PBXBuildFile section */

/* Begin PBXFileReference section */
		91B56E7F2C79CDA200FB5D5B /* GoogleService-Info.plist */ = {isa = PBXFileReference; fileEncoding = 4; lastKnownFileType = text.plist.xml; path = "GoogleService-Info.plist"; sourceTree = "<group>"; };
		91B56E812C7C926800FB5D5B /* ProfileForm.swift */ = {isa = PBXFileReference; lastKnownFileType = sourcecode.swift; path = ProfileForm.swift; sourceTree = "<group>"; };
		91B56E892C7CB3B400FB5D5B /* .swiftlint.yml */ = {isa = PBXFileReference; lastKnownFileType = text.yaml; path = .swiftlint.yml; sourceTree = "<group>"; };
		91B56E8B2C7CC0CB00FB5D5B /* Components.swift */ = {isa = PBXFileReference; lastKnownFileType = sourcecode.swift; path = Components.swift; sourceTree = "<group>"; };
		91B56E8D2C7CD52300FB5D5B /* ProfileFormViewModel.swift */ = {isa = PBXFileReference; lastKnownFileType = sourcecode.swift; path = ProfileFormViewModel.swift; sourceTree = "<group>"; };
		91C921E22C6F4A4C00F92FEA /* SuppsTrack.app */ = {isa = PBXFileReference; explicitFileType = wrapper.application; includeInIndex = 0; path = SuppsTrack.app; sourceTree = BUILT_PRODUCTS_DIR; };
		91C921E52C6F4A4C00F92FEA /* SuppsTrackApp.swift */ = {isa = PBXFileReference; lastKnownFileType = sourcecode.swift; path = SuppsTrackApp.swift; sourceTree = "<group>"; };
		91C921E92C6F4A5000F92FEA /* Assets.xcassets */ = {isa = PBXFileReference; lastKnownFileType = folder.assetcatalog; path = Assets.xcassets; sourceTree = "<group>"; };
		91C921EC2C6F4A5000F92FEA /* Preview Assets.xcassets */ = {isa = PBXFileReference; lastKnownFileType = folder.assetcatalog; path = "Preview Assets.xcassets"; sourceTree = "<group>"; };
		91C9223E2C77E54B00F92FEA /* LoginView.swift */ = {isa = PBXFileReference; lastKnownFileType = sourcecode.swift; path = LoginView.swift; sourceTree = "<group>"; };
		91C922402C77E57A00F92FEA /* LoginViewModel.swift */ = {isa = PBXFileReference; lastKnownFileType = sourcecode.swift; path = LoginViewModel.swift; sourceTree = "<group>"; };
		91C922472C77E6B200F92FEA /* SettingsViewModel.swift */ = {isa = PBXFileReference; lastKnownFileType = sourcecode.swift; path = SettingsViewModel.swift; sourceTree = "<group>"; };
		91C922492C77E6C900F92FEA /* SettingsView.swift */ = {isa = PBXFileReference; lastKnownFileType = sourcecode.swift; path = SettingsView.swift; sourceTree = "<group>"; };
		91C9224B2C77E6F300F92FEA /* MainView.swift */ = {isa = PBXFileReference; lastKnownFileType = sourcecode.swift; path = MainView.swift; sourceTree = "<group>"; };
		91C9224D2C77E70D00F92FEA /* MainViewModel.swift */ = {isa = PBXFileReference; lastKnownFileType = sourcecode.swift; path = MainViewModel.swift; sourceTree = "<group>"; };
		91C922522C77E7F700F92FEA /* AuthDataEntity.swift */ = {isa = PBXFileReference; lastKnownFileType = sourcecode.swift; path = AuthDataEntity.swift; sourceTree = "<group>"; };
		91C922542C77E80300F92FEA /* UserEntity.swift */ = {isa = PBXFileReference; lastKnownFileType = sourcecode.swift; path = UserEntity.swift; sourceTree = "<group>"; };
		91C922562C77E83300F92FEA /* AuthRepository.swift */ = {isa = PBXFileReference; lastKnownFileType = sourcecode.swift; path = AuthRepository.swift; sourceTree = "<group>"; };
		91C922582C77E84400F92FEA /* UserRepository.swift */ = {isa = PBXFileReference; lastKnownFileType = sourcecode.swift; path = UserRepository.swift; sourceTree = "<group>"; };
		91C9225A2C77E8B400F92FEA /* DI+Others.swift */ = {isa = PBXFileReference; lastKnownFileType = sourcecode.swift; path = "DI+Others.swift"; sourceTree = "<group>"; };
		91C9225D2C77E91900F92FEA /* UserService.swift */ = {isa = PBXFileReference; lastKnownFileType = sourcecode.swift; path = UserService.swift; sourceTree = "<group>"; };
		91C9225F2C77E94900F92FEA /* FirestoreUserService.swift */ = {isa = PBXFileReference; lastKnownFileType = sourcecode.swift; path = FirestoreUserService.swift; sourceTree = "<group>"; };
		91C922612C77E96200F92FEA /* Util.swift */ = {isa = PBXFileReference; lastKnownFileType = sourcecode.swift; path = Util.swift; sourceTree = "<group>"; };
		91C922632C77E99300F92FEA /* StartView.swift */ = {isa = PBXFileReference; lastKnownFileType = sourcecode.swift; path = StartView.swift; sourceTree = "<group>"; };
		91C922652C77E9B000F92FEA /* StartViewModel.swift */ = {isa = PBXFileReference; lastKnownFileType = sourcecode.swift; path = StartViewModel.swift; sourceTree = "<group>"; };
		91C922682C77EA4B00F92FEA /* AuthService.swift */ = {isa = PBXFileReference; lastKnownFileType = sourcecode.swift; path = AuthService.swift; sourceTree = "<group>"; };
		91C9226A2C77EA5C00F92FEA /* FirebaseAuthService.swift */ = {isa = PBXFileReference; lastKnownFileType = sourcecode.swift; path = FirebaseAuthService.swift; sourceTree = "<group>"; };
/* End PBXFileReference section */

/* Begin PBXFrameworksBuildPhase section */
		91C921DF2C6F4A4C00F92FEA /* Frameworks */ = {
			isa = PBXFrameworksBuildPhase;
			buildActionMask = 2147483647;
			files = (
				91C922322C77E3FC00F92FEA /* FirebaseAnalytics in Frameworks */,
				91C922362C77E3FC00F92FEA /* FirebaseFirestore in Frameworks */,
				91C922342C77E3FC00F92FEA /* FirebaseAuth in Frameworks */,
				91C922382C77E3FC00F92FEA /* FirebaseStorage in Frameworks */,
				91C9222F2C77E34300F92FEA /* Factory in Frameworks */,
			);
			runOnlyForDeploymentPostprocessing = 0;
		};
/* End PBXFrameworksBuildPhase section */

/* Begin PBXGroup section */
		91B56E852C7C972900FB5D5B /* Components */ = {
			isa = PBXGroup;
			children = (
				91B56E8B2C7CC0CB00FB5D5B /* Components.swift */,
			);
			path = Components;
			sourceTree = "<group>";
		};
		91C921D92C6F4A4C00F92FEA = {
			isa = PBXGroup;
			children = (
				91C921E42C6F4A4C00F92FEA /* SuppsTrack */,
				91C921E32C6F4A4C00F92FEA /* Products */,
			);
			sourceTree = "<group>";
		};
		91C921E32C6F4A4C00F92FEA /* Products */ = {
			isa = PBXGroup;
			children = (
				91C921E22C6F4A4C00F92FEA /* SuppsTrack.app */,
			);
			name = Products;
			sourceTree = "<group>";
		};
		91C921E42C6F4A4C00F92FEA /* SuppsTrack */ = {
			isa = PBXGroup;
			children = (
				91C922422C77E61C00F92FEA /* Data */,
				91C922392C77E4E000F92FEA /* UI */,
				91C921E52C6F4A4C00F92FEA /* SuppsTrackApp.swift */,
				91C921E92C6F4A5000F92FEA /* Assets.xcassets */,
				91C921EB2C6F4A5000F92FEA /* Preview Content */,
				91C9225A2C77E8B400F92FEA /* DI+Others.swift */,
				91C922612C77E96200F92FEA /* Util.swift */,
				91B56E7F2C79CDA200FB5D5B /* GoogleService-Info.plist */,
				91B56E892C7CB3B400FB5D5B /* .swiftlint.yml */,
			);
			path = SuppsTrack;
			sourceTree = "<group>";
		};
		91C921EB2C6F4A5000F92FEA /* Preview Content */ = {
			isa = PBXGroup;
			children = (
				91C921EC2C6F4A5000F92FEA /* Preview Assets.xcassets */,
			);
			path = "Preview Content";
			sourceTree = "<group>";
		};
		91C922392C77E4E000F92FEA /* UI */ = {
			isa = PBXGroup;
			children = (
				91B56E852C7C972900FB5D5B /* Components */,
				91C9223D2C77E53000F92FEA /* SettingsPage */,
				91C9223C2C77E51600F92FEA /* MainPage */,
				91C9223B2C77E50B00F92FEA /* StartPage */,
				91C9223A2C77E4EB00F92FEA /* LoginPage */,
				91B56E812C7C926800FB5D5B /* ProfileForm.swift */,
				91B56E8D2C7CD52300FB5D5B /* ProfileFormViewModel.swift */,
			);
			path = UI;
			sourceTree = "<group>";
		};
		91C9223A2C77E4EB00F92FEA /* LoginPage */ = {
			isa = PBXGroup;
			children = (
				91C9223E2C77E54B00F92FEA /* LoginView.swift */,
				91C922402C77E57A00F92FEA /* LoginViewModel.swift */,
			);
			path = LoginPage;
			sourceTree = "<group>";
		};
		91C9223B2C77E50B00F92FEA /* StartPage */ = {
			isa = PBXGroup;
			children = (
				91C922632C77E99300F92FEA /* StartView.swift */,
				91C922652C77E9B000F92FEA /* StartViewModel.swift */,
			);
			path = StartPage;
			sourceTree = "<group>";
		};
		91C9223C2C77E51600F92FEA /* MainPage */ = {
			isa = PBXGroup;
			children = (
				91C9224B2C77E6F300F92FEA /* MainView.swift */,
				91C9224D2C77E70D00F92FEA /* MainViewModel.swift */,
			);
			path = MainPage;
			sourceTree = "<group>";
		};
		91C9223D2C77E53000F92FEA /* SettingsPage */ = {
			isa = PBXGroup;
			children = (
				91C922492C77E6C900F92FEA /* SettingsView.swift */,
				91C922472C77E6B200F92FEA /* SettingsViewModel.swift */,
			);
			path = SettingsPage;
			sourceTree = "<group>";
		};
		91C922422C77E61C00F92FEA /* Data */ = {
			isa = PBXGroup;
			children = (
				91C922502C77E79B00F92FEA /* Entity */,
				91C9224F2C77E79500F92FEA /* Repository */,
				91C922512C77E7CF00F92FEA /* Service */,
			);
			path = Data;
			sourceTree = "<group>";
		};
		91C9224F2C77E79500F92FEA /* Repository */ = {
			isa = PBXGroup;
			children = (
				91C922562C77E83300F92FEA /* AuthRepository.swift */,
				91C922582C77E84400F92FEA /* UserRepository.swift */,
			);
			path = Repository;
			sourceTree = "<group>";
		};
		91C922502C77E79B00F92FEA /* Entity */ = {
			isa = PBXGroup;
			children = (
				91C922522C77E7F700F92FEA /* AuthDataEntity.swift */,
				91C922542C77E80300F92FEA /* UserEntity.swift */,
			);
			path = Entity;
			sourceTree = "<group>";
		};
		91C922512C77E7CF00F92FEA /* Service */ = {
			isa = PBXGroup;
			children = (
				91C922672C77EA3100F92FEA /* Auth */,
				91C9225C2C77E90500F92FEA /* User */,
			);
			path = Service;
			sourceTree = "<group>";
		};
		91C9225C2C77E90500F92FEA /* User */ = {
			isa = PBXGroup;
			children = (
				91C9225D2C77E91900F92FEA /* UserService.swift */,
				91C9225F2C77E94900F92FEA /* FirestoreUserService.swift */,
			);
			path = User;
			sourceTree = "<group>";
		};
		91C922672C77EA3100F92FEA /* Auth */ = {
			isa = PBXGroup;
			children = (
				91C922682C77EA4B00F92FEA /* AuthService.swift */,
				91C9226A2C77EA5C00F92FEA /* FirebaseAuthService.swift */,
			);
			path = Auth;
			sourceTree = "<group>";
		};
/* End PBXGroup section */

/* Begin PBXNativeTarget section */
		91C921E12C6F4A4C00F92FEA /* SuppsTrack */ = {
			isa = PBXNativeTarget;
			buildConfigurationList = 91C921F02C6F4A5000F92FEA /* Build configuration list for PBXNativeTarget "SuppsTrack" */;
			buildPhases = (
				91C921DE2C6F4A4C00F92FEA /* Sources */,
				91C921DF2C6F4A4C00F92FEA /* Frameworks */,
				91C921E02C6F4A4C00F92FEA /* Resources */,
				91B56E882C7CB2DD00FB5D5B /* ShellScript */,
			);
			buildRules = (
			);
			dependencies = (
			);
			name = SuppsTrack;
			packageProductDependencies = (
				91C9222E2C77E34300F92FEA /* Factory */,
				91C922312C77E3FC00F92FEA /* FirebaseAnalytics */,
				91C922332C77E3FC00F92FEA /* FirebaseAuth */,
				91C922352C77E3FC00F92FEA /* FirebaseFirestore */,
				91C922372C77E3FC00F92FEA /* FirebaseStorage */,
			);
			productName = SuppSync;
			productReference = 91C921E22C6F4A4C00F92FEA /* SuppsTrack.app */;
			productType = "com.apple.product-type.application";
		};
/* End PBXNativeTarget section */

/* Begin PBXProject section */
		91C921DA2C6F4A4C00F92FEA /* Project object */ = {
			isa = PBXProject;
			attributes = {
				BuildIndependentTargetsInParallel = 1;
				LastSwiftUpdateCheck = 1540;
				LastUpgradeCheck = 1540;
				TargetAttributes = {
					91C921E12C6F4A4C00F92FEA = {
						CreatedOnToolsVersion = 15.4;
					};
				};
			};
			buildConfigurationList = 91C921DD2C6F4A4C00F92FEA /* Build configuration list for PBXProject "SuppsTrack" */;
			compatibilityVersion = "Xcode 14.0";
			developmentRegion = en;
			hasScannedForEncodings = 0;
			knownRegions = (
				en,
				Base,
			);
			mainGroup = 91C921D92C6F4A4C00F92FEA;
			packageReferences = (
				91C9222D2C77E34300F92FEA /* XCRemoteSwiftPackageReference "Factory" */,
				91C922302C77E3FC00F92FEA /* XCRemoteSwiftPackageReference "firebase-ios-sdk" */,
			);
			productRefGroup = 91C921E32C6F4A4C00F92FEA /* Products */;
			projectDirPath = "";
			projectRoot = "";
			targets = (
				91C921E12C6F4A4C00F92FEA /* SuppsTrack */,
			);
		};
/* End PBXProject section */

/* Begin PBXResourcesBuildPhase section */
		91C921E02C6F4A4C00F92FEA /* Resources */ = {
			isa = PBXResourcesBuildPhase;
			buildActionMask = 2147483647;
			files = (
				91B56E8A2C7CB3B400FB5D5B /* .swiftlint.yml in Resources */,
				91C921ED2C6F4A5000F92FEA /* Preview Assets.xcassets in Resources */,
				91B56E802C79CDA200FB5D5B /* GoogleService-Info.plist in Resources */,
				91C921EA2C6F4A5000F92FEA /* Assets.xcassets in Resources */,
			);
			runOnlyForDeploymentPostprocessing = 0;
		};
/* End PBXResourcesBuildPhase section */

/* Begin PBXShellScriptBuildPhase section */
		91B56E882C7CB2DD00FB5D5B /* ShellScript */ = {
			isa = PBXShellScriptBuildPhase;
			alwaysOutOfDate = 1;
			buildActionMask = 2147483647;
			files = (
			);
			inputFileListPaths = (
			);
			inputPaths = (
			);
			outputFileListPaths = (
			);
			outputPaths = (
			);
			runOnlyForDeploymentPostprocessing = 0;
			shellPath = /bin/sh;
			shellScript = "\nif [[ \"$(uname -m)\" == arm64 ]]; then\n    export PATH=\"/opt/homebrew/bin:$PATH\"\nfi\n\nif which swiftlint >/dev/null; then\n    swiftlint\nelse\n    echo \"warning: SwiftLint not installed\"\nfi\n";
			showEnvVarsInLog = 0;
		};
/* End PBXShellScriptBuildPhase section */

/* Begin PBXSourcesBuildPhase section */
		91C921DE2C6F4A4C00F92FEA /* Sources */ = {
			isa = PBXSourcesBuildPhase;
			buildActionMask = 2147483647;
			files = (
				91C922642C77E99300F92FEA /* StartView.swift in Sources */,
				91C9225E2C77E91900F92FEA /* UserService.swift in Sources */,
				91C9224C2C77E6F300F92FEA /* MainView.swift in Sources */,
				91C922572C77E83300F92FEA /* AuthRepository.swift in Sources */,
				91C922622C77E96200F92FEA /* Util.swift in Sources */,
				91C922602C77E94900F92FEA /* FirestoreUserService.swift in Sources */,
				91C922692C77EA4B00F92FEA /* AuthService.swift in Sources */,
				91C922592C77E84400F92FEA /* UserRepository.swift in Sources */,
				91C9224A2C77E6C900F92FEA /* SettingsView.swift in Sources */,
				91B56E8C2C7CC0CB00FB5D5B /* Components.swift in Sources */,
				91C922412C77E57A00F92FEA /* LoginViewModel.swift in Sources */,
				91C922552C77E80300F92FEA /* UserEntity.swift in Sources */,
				91C9223F2C77E54B00F92FEA /* LoginView.swift in Sources */,
				91C921E62C6F4A4C00F92FEA /* SuppsTrackApp.swift in Sources */,
				91B56E822C7C926800FB5D5B /* ProfileForm.swift in Sources */,
				91C922662C77E9B000F92FEA /* StartViewModel.swift in Sources */,
				91C9226B2C77EA5C00F92FEA /* FirebaseAuthService.swift in Sources */,
				91C922482C77E6B200F92FEA /* SettingsViewModel.swift in Sources */,
				91C922532C77E7F700F92FEA /* AuthDataEntity.swift in Sources */,
				91C9224E2C77E70D00F92FEA /* MainViewModel.swift in Sources */,
				91B56E8E2C7CD52300FB5D5B /* ProfileFormViewModel.swift in Sources */,
				91C9225B2C77E8B400F92FEA /* DI+Others.swift in Sources */,
			);
			runOnlyForDeploymentPostprocessing = 0;
		};
/* End PBXSourcesBuildPhase section */

/* Begin XCBuildConfiguration section */
		91C921EE2C6F4A5000F92FEA /* Debug */ = {
			isa = XCBuildConfiguration;
			buildSettings = {
				ALWAYS_SEARCH_USER_PATHS = NO;
				ASSETCATALOG_COMPILER_GENERATE_SWIFT_ASSET_SYMBOL_EXTENSIONS = YES;
				CLANG_ANALYZER_NONNULL = YES;
				CLANG_ANALYZER_NUMBER_OBJECT_CONVERSION = YES_AGGRESSIVE;
				CLANG_CXX_LANGUAGE_STANDARD = "gnu++20";
				CLANG_ENABLE_MODULES = YES;
				CLANG_ENABLE_OBJC_ARC = YES;
				CLANG_ENABLE_OBJC_WEAK = YES;
				CLANG_WARN_BLOCK_CAPTURE_AUTORELEASING = YES;
				CLANG_WARN_BOOL_CONVERSION = YES;
				CLANG_WARN_COMMA = YES;
				CLANG_WARN_CONSTANT_CONVERSION = YES;
				CLANG_WARN_DEPRECATED_OBJC_IMPLEMENTATIONS = YES;
				CLANG_WARN_DIRECT_OBJC_ISA_USAGE = YES_ERROR;
				CLANG_WARN_DOCUMENTATION_COMMENTS = YES;
				CLANG_WARN_EMPTY_BODY = YES;
				CLANG_WARN_ENUM_CONVERSION = YES;
				CLANG_WARN_INFINITE_RECURSION = YES;
				CLANG_WARN_INT_CONVERSION = YES;
				CLANG_WARN_NON_LITERAL_NULL_CONVERSION = YES;
				CLANG_WARN_OBJC_IMPLICIT_RETAIN_SELF = YES;
				CLANG_WARN_OBJC_LITERAL_CONVERSION = YES;
				CLANG_WARN_OBJC_ROOT_CLASS = YES_ERROR;
				CLANG_WARN_QUOTED_INCLUDE_IN_FRAMEWORK_HEADER = YES;
				CLANG_WARN_RANGE_LOOP_ANALYSIS = YES;
				CLANG_WARN_STRICT_PROTOTYPES = YES;
				CLANG_WARN_SUSPICIOUS_MOVE = YES;
				CLANG_WARN_UNGUARDED_AVAILABILITY = YES_AGGRESSIVE;
				CLANG_WARN_UNREACHABLE_CODE = YES;
				CLANG_WARN__DUPLICATE_METHOD_MATCH = YES;
				COPY_PHASE_STRIP = NO;
				DEBUG_INFORMATION_FORMAT = dwarf;
				ENABLE_STRICT_OBJC_MSGSEND = YES;
				ENABLE_TESTABILITY = YES;
				ENABLE_USER_SCRIPT_SANDBOXING = YES;
				GCC_C_LANGUAGE_STANDARD = gnu17;
				GCC_DYNAMIC_NO_PIC = NO;
				GCC_NO_COMMON_BLOCKS = YES;
				GCC_OPTIMIZATION_LEVEL = 0;
				GCC_PREPROCESSOR_DEFINITIONS = (
					"DEBUG=1",
					"$(inherited)",
				);
				GCC_WARN_64_TO_32_BIT_CONVERSION = YES;
				GCC_WARN_ABOUT_RETURN_TYPE = YES_ERROR;
				GCC_WARN_UNDECLARED_SELECTOR = YES;
				GCC_WARN_UNINITIALIZED_AUTOS = YES_AGGRESSIVE;
				GCC_WARN_UNUSED_FUNCTION = YES;
				GCC_WARN_UNUSED_VARIABLE = YES;
				IPHONEOS_DEPLOYMENT_TARGET = 17.5;
				LOCALIZATION_PREFERS_STRING_CATALOGS = YES;
				MTL_ENABLE_DEBUG_INFO = INCLUDE_SOURCE;
				MTL_FAST_MATH = YES;
				ONLY_ACTIVE_ARCH = YES;
				SDKROOT = iphoneos;
				SWIFT_ACTIVE_COMPILATION_CONDITIONS = "DEBUG $(inherited)";
				SWIFT_OPTIMIZATION_LEVEL = "-Onone";
			};
			name = Debug;
		};
		91C921EF2C6F4A5000F92FEA /* Release */ = {
			isa = XCBuildConfiguration;
			buildSettings = {
				ALWAYS_SEARCH_USER_PATHS = NO;
				ASSETCATALOG_COMPILER_GENERATE_SWIFT_ASSET_SYMBOL_EXTENSIONS = YES;
				CLANG_ANALYZER_NONNULL = YES;
				CLANG_ANALYZER_NUMBER_OBJECT_CONVERSION = YES_AGGRESSIVE;
				CLANG_CXX_LANGUAGE_STANDARD = "gnu++20";
				CLANG_ENABLE_MODULES = YES;
				CLANG_ENABLE_OBJC_ARC = YES;
				CLANG_ENABLE_OBJC_WEAK = YES;
				CLANG_WARN_BLOCK_CAPTURE_AUTORELEASING = YES;
				CLANG_WARN_BOOL_CONVERSION = YES;
				CLANG_WARN_COMMA = YES;
				CLANG_WARN_CONSTANT_CONVERSION = YES;
				CLANG_WARN_DEPRECATED_OBJC_IMPLEMENTATIONS = YES;
				CLANG_WARN_DIRECT_OBJC_ISA_USAGE = YES_ERROR;
				CLANG_WARN_DOCUMENTATION_COMMENTS = YES;
				CLANG_WARN_EMPTY_BODY = YES;
				CLANG_WARN_ENUM_CONVERSION = YES;
				CLANG_WARN_INFINITE_RECURSION = YES;
				CLANG_WARN_INT_CONVERSION = YES;
				CLANG_WARN_NON_LITERAL_NULL_CONVERSION = YES;
				CLANG_WARN_OBJC_IMPLICIT_RETAIN_SELF = YES;
				CLANG_WARN_OBJC_LITERAL_CONVERSION = YES;
				CLANG_WARN_OBJC_ROOT_CLASS = YES_ERROR;
				CLANG_WARN_QUOTED_INCLUDE_IN_FRAMEWORK_HEADER = YES;
				CLANG_WARN_RANGE_LOOP_ANALYSIS = YES;
				CLANG_WARN_STRICT_PROTOTYPES = YES;
				CLANG_WARN_SUSPICIOUS_MOVE = YES;
				CLANG_WARN_UNGUARDED_AVAILABILITY = YES_AGGRESSIVE;
				CLANG_WARN_UNREACHABLE_CODE = YES;
				CLANG_WARN__DUPLICATE_METHOD_MATCH = YES;
				COPY_PHASE_STRIP = NO;
				DEBUG_INFORMATION_FORMAT = "dwarf-with-dsym";
				ENABLE_NS_ASSERTIONS = NO;
				ENABLE_STRICT_OBJC_MSGSEND = YES;
				ENABLE_USER_SCRIPT_SANDBOXING = YES;
				GCC_C_LANGUAGE_STANDARD = gnu17;
				GCC_NO_COMMON_BLOCKS = YES;
				GCC_WARN_64_TO_32_BIT_CONVERSION = YES;
				GCC_WARN_ABOUT_RETURN_TYPE = YES_ERROR;
				GCC_WARN_UNDECLARED_SELECTOR = YES;
				GCC_WARN_UNINITIALIZED_AUTOS = YES_AGGRESSIVE;
				GCC_WARN_UNUSED_FUNCTION = YES;
				GCC_WARN_UNUSED_VARIABLE = YES;
				IPHONEOS_DEPLOYMENT_TARGET = 17.5;
				LOCALIZATION_PREFERS_STRING_CATALOGS = YES;
				MTL_ENABLE_DEBUG_INFO = NO;
				MTL_FAST_MATH = YES;
				SDKROOT = iphoneos;
				SWIFT_COMPILATION_MODE = wholemodule;
				VALIDATE_PRODUCT = YES;
			};
			name = Release;
		};
		91C921F12C6F4A5000F92FEA /* Debug */ = {
			isa = XCBuildConfiguration;
			buildSettings = {
				ASSETCATALOG_COMPILER_APPICON_NAME = AppIcon;
				ASSETCATALOG_COMPILER_GLOBAL_ACCENT_COLOR_NAME = AccentColor;
				CODE_SIGN_STYLE = Automatic;
				CURRENT_PROJECT_VERSION = 1;
				DEVELOPMENT_ASSET_PATHS = "\"SuppsTrack/Preview Content\"";
				DEVELOPMENT_TEAM = 5M85C8QX87;
				ENABLE_PREVIEWS = YES;
				ENABLE_USER_SCRIPT_SANDBOXING = NO;
				GENERATE_INFOPLIST_FILE = YES;
				INFOPLIST_KEY_UIApplicationSceneManifest_Generation = YES;
				INFOPLIST_KEY_UIApplicationSupportsIndirectInputEvents = YES;
				INFOPLIST_KEY_UILaunchScreen_Generation = YES;
				INFOPLIST_KEY_UISupportedInterfaceOrientations_iPad = "UIInterfaceOrientationPortrait UIInterfaceOrientationPortraitUpsideDown UIInterfaceOrientationLandscapeLeft UIInterfaceOrientationLandscapeRight";
				INFOPLIST_KEY_UISupportedInterfaceOrientations_iPhone = "UIInterfaceOrientationPortrait UIInterfaceOrientationLandscapeLeft UIInterfaceOrientationLandscapeRight";
				LD_RUNPATH_SEARCH_PATHS = (
					"$(inherited)",
					"@executable_path/Frameworks",
				);
				MARKETING_VERSION = 1.0;
				PRODUCT_BUNDLE_IDENTIFIER = com.bee.SuppsTrack;
				PRODUCT_NAME = "$(TARGET_NAME)";
				SWIFT_EMIT_LOC_STRINGS = YES;
				SWIFT_VERSION = 5.0;
				TARGETED_DEVICE_FAMILY = "1,2";
			};
			name = Debug;
		};
		91C921F22C6F4A5000F92FEA /* Release */ = {
			isa = XCBuildConfiguration;
			buildSettings = {
				ASSETCATALOG_COMPILER_APPICON_NAME = AppIcon;
				ASSETCATALOG_COMPILER_GLOBAL_ACCENT_COLOR_NAME = AccentColor;
				CODE_SIGN_STYLE = Automatic;
				CURRENT_PROJECT_VERSION = 1;
				DEVELOPMENT_ASSET_PATHS = "\"SuppsTrack/Preview Content\"";
				DEVELOPMENT_TEAM = 5M85C8QX87;
				ENABLE_PREVIEWS = YES;
				ENABLE_USER_SCRIPT_SANDBOXING = NO;
				GENERATE_INFOPLIST_FILE = YES;
				INFOPLIST_KEY_UIApplicationSceneManifest_Generation = YES;
				INFOPLIST_KEY_UIApplicationSupportsIndirectInputEvents = YES;
				INFOPLIST_KEY_UILaunchScreen_Generation = YES;
				INFOPLIST_KEY_UISupportedInterfaceOrientations_iPad = "UIInterfaceOrientationPortrait UIInterfaceOrientationPortraitUpsideDown UIInterfaceOrientationLandscapeLeft UIInterfaceOrientationLandscapeRight";
				INFOPLIST_KEY_UISupportedInterfaceOrientations_iPhone = "UIInterfaceOrientationPortrait UIInterfaceOrientationLandscapeLeft UIInterfaceOrientationLandscapeRight";
				LD_RUNPATH_SEARCH_PATHS = (
					"$(inherited)",
					"@executable_path/Frameworks",
				);
				MARKETING_VERSION = 1.0;
				PRODUCT_BUNDLE_IDENTIFIER = com.bee.SuppsTrack;
				PRODUCT_NAME = "$(TARGET_NAME)";
				SWIFT_EMIT_LOC_STRINGS = YES;
				SWIFT_VERSION = 5.0;
				TARGETED_DEVICE_FAMILY = "1,2";
			};
			name = Release;
		};
/* End XCBuildConfiguration section */

/* Begin XCConfigurationList section */
		91C921DD2C6F4A4C00F92FEA /* Build configuration list for PBXProject "SuppsTrack" */ = {
			isa = XCConfigurationList;
			buildConfigurations = (
				91C921EE2C6F4A5000F92FEA /* Debug */,
				91C921EF2C6F4A5000F92FEA /* Release */,
			);
			defaultConfigurationIsVisible = 0;
			defaultConfigurationName = Release;
		};
		91C921F02C6F4A5000F92FEA /* Build configuration list for PBXNativeTarget "SuppsTrack" */ = {
			isa = XCConfigurationList;
			buildConfigurations = (
				91C921F12C6F4A5000F92FEA /* Debug */,
				91C921F22C6F4A5000F92FEA /* Release */,
			);
			defaultConfigurationIsVisible = 0;
			defaultConfigurationName = Release;
		};
/* End XCConfigurationList section */

/* Begin XCRemoteSwiftPackageReference section */
		91C9222D2C77E34300F92FEA /* XCRemoteSwiftPackageReference "Factory" */ = {
			isa = XCRemoteSwiftPackageReference;
			repositoryURL = "https://github.com/hmlongco/Factory";
			requirement = {
				kind = upToNextMajorVersion;
				minimumVersion = 2.3.2;
			};
		};
		91C922302C77E3FC00F92FEA /* XCRemoteSwiftPackageReference "firebase-ios-sdk" */ = {
			isa = XCRemoteSwiftPackageReference;
			repositoryURL = "https://github.com/firebase/firebase-ios-sdk";
			requirement = {
				kind = upToNextMajorVersion;
				minimumVersion = 11.1.0;
			};
		};
/* End XCRemoteSwiftPackageReference section */

/* Begin XCSwiftPackageProductDependency section */
		91C9222E2C77E34300F92FEA /* Factory */ = {
			isa = XCSwiftPackageProductDependency;
			package = 91C9222D2C77E34300F92FEA /* XCRemoteSwiftPackageReference "Factory" */;
			productName = Factory;
		};
		91C922312C77E3FC00F92FEA /* FirebaseAnalytics */ = {
			isa = XCSwiftPackageProductDependency;
			package = 91C922302C77E3FC00F92FEA /* XCRemoteSwiftPackageReference "firebase-ios-sdk" */;
			productName = FirebaseAnalytics;
		};
		91C922332C77E3FC00F92FEA /* FirebaseAuth */ = {
			isa = XCSwiftPackageProductDependency;
			package = 91C922302C77E3FC00F92FEA /* XCRemoteSwiftPackageReference "firebase-ios-sdk" */;
			productName = FirebaseAuth;
		};
		91C922352C77E3FC00F92FEA /* FirebaseFirestore */ = {
			isa = XCSwiftPackageProductDependency;
			package = 91C922302C77E3FC00F92FEA /* XCRemoteSwiftPackageReference "firebase-ios-sdk" */;
			productName = FirebaseFirestore;
		};
		91C922372C77E3FC00F92FEA /* FirebaseStorage */ = {
			isa = XCSwiftPackageProductDependency;
			package = 91C922302C77E3FC00F92FEA /* XCRemoteSwiftPackageReference "firebase-ios-sdk" */;
			productName = FirebaseStorage;
		};
/* End XCSwiftPackageProductDependency section */
	};
	rootObject = 91C921DA2C6F4A4C00F92FEA /* Project object */;
}
